
Microsoft Visual Studio Solution File, Format Version 12.00
# Visual Studio Version 17
VisualStudioVersion = 17.9.34622.214
MinimumVisualStudioVersion = 10.0.40219.1
Project("{9A19103F-16F7-4668-BE54-9A1E7A4F7556}") = "ECCore", "ECCore\ECCore.csproj", "{A4D6988A-1B1F-4CDF-988F-E0D6832B412C}"
EndProject
Project("{FAE04EC0-301F-11D3-BF4B-00C04F79EFBC}") = "Networking", "Networking\Networking.csproj", "{A3553F8E-48B4-48C9-8DB0-EF8630B4ED6F}"
EndProject
Global
	GlobalSection(SolutionConfigurationPlatforms) = preSolution
		Debug|Any CPU = Debug|Any CPU
		Release|Any CPU = Release|Any CPU
	EndGlobalSection
	GlobalSection(ProjectConfigurationPlatforms) = postSolution
		{A4D6988A-1B1F-4CDF-988F-E0D6832B412C}.Debug|Any CPU.ActiveCfg = Debug|Any CPU
		{A4D6988A-1B1F-4CDF-988F-E0D6832B412C}.Debug|Any CPU.Build.0 = Debug|Any CPU
		{A4D6988A-1B1F-4CDF-988F-E0D6832B412C}.Release|Any CPU.ActiveCfg = Release|Any CPU
		{A4D6988A-1B1F-4CDF-988F-E0D6832B412C}.Release|Any CPU.Build.0 = Release|Any CPU
		{A3553F8E-48B4-48C9-8DB0-EF8630B4ED6F}.Debug|Any CPU.ActiveCfg = Debug|Any CPU
		{A3553F8E-48B4-48C9-8DB0-EF8630B4ED6F}.Debug|Any CPU.Build.0 = Debug|Any CPU
		{A3553F8E-48B4-48C9-8DB0-EF8630B4ED6F}.Release|Any CPU.ActiveCfg = Release|Any CPU
		{A3553F8E-48B4-48C9-8DB0-EF8630B4ED6F}.Release|Any CPU.Build.0 = Release|Any CPU
	EndGlobalSection
	GlobalSection(SolutionProperties) = preSolution
		HideSolutionNode = FALSE
	EndGlobalSection
	GlobalSection(ExtensibilityGlobals) = postSolution
		SolutionGuid = {E546B60F-76FA-485C-9019-89A424A4239F}
	EndGlobalSection
EndGlobal
